
Microsoft Visual Studio Solution File, Format Version 12.00
# Visual Studio Version 17
VisualStudioVersion = 17.9.34622.214
MinimumVisualStudioVersion = 10.0.40219.1
Project("{9A19103F-16F7-4668-BE54-9A1E7A4F7556}") = "RestaurantAPI", "RestaurantAPI.csproj", "{D9AD6476-C48A-46FC-9C29-78905CDCFA8B}"
EndProject
Project("{FAE04EC0-301F-11D3-BF4B-00C04F79EFBC}") = "Domain", "..\Domain\Domain.csproj", "{DF863528-B8DC-40B5-9547-B55582EE3765}"
EndProject
Global
	GlobalSection(SolutionConfigurationPlatforms) = preSolution
		Debug|Any CPU = Debug|Any CPU
		Release|Any CPU = Release|Any CPU
	EndGlobalSection
	GlobalSection(ProjectConfigurationPlatforms) = postSolution
		{D9AD6476-C48A-46FC-9C29-78905CDCFA8B}.Debug|Any CPU.ActiveCfg = Debug|Any CPU
		{D9AD6476-C48A-46FC-9C29-78905CDCFA8B}.Debug|Any CPU.Build.0 = Debug|Any CPU
		{D9AD6476-C48A-46FC-9C29-78905CDCFA8B}.Release|Any CPU.ActiveCfg = Release|Any CPU
		{D9AD6476-C48A-46FC-9C29-78905CDCFA8B}.Release|Any CPU.Build.0 = Release|Any CPU
		{DF863528-B8DC-40B5-9547-B55582EE3765}.Debug|Any CPU.ActiveCfg = Debug|Any CPU
		{DF863528-B8DC-40B5-9547-B55582EE3765}.Debug|Any CPU.Build.0 = Debug|Any CPU
		{DF863528-B8DC-40B5-9547-B55582EE3765}.Release|Any CPU.ActiveCfg = Release|Any CPU
		{DF863528-B8DC-40B5-9547-B55582EE3765}.Release|Any CPU.Build.0 = Release|Any CPU
	EndGlobalSection
	GlobalSection(SolutionProperties) = preSolution
		HideSolutionNode = FALSE
	EndGlobalSection
	GlobalSection(ExtensibilityGlobals) = postSolution
		SolutionGuid = {6BD72CEC-CA32-41C1-921A-B67F2C73CB09}
	EndGlobalSection
EndGlobal
